
Microsoft Visual Studio Solution File, Format Version 12.00
# Visual Studio Version 17
VisualStudioVersion = 17.0.31903.59
MinimumVisualStudioVersion = 10.0.40219.1
Project("{FAE04EC0-301F-11D3-BF4B-00C04F79EFBC}") = "testapi2.DTO", "testapi2.DTO\testapi2.DTO.csproj", "{E9D99796-4CF4-4E40-8F02-297A70791F42}"
EndProject
Project("{FAE04EC0-301F-11D3-BF4B-00C04F79EFBC}") = "testapi2.DataAccess", "testapi2.DataAccess\testapi2.DataAccess.csproj", "{A1387793-40A8-44D5-9304-BFAB61B262FC}"
EndProject
Project("{FAE04EC0-301F-11D3-BF4B-00C04F79EFBC}") = "testapi2.Service", "testapi2.Service\testapi2.Service.csproj", "{C1B8D2D7-975A-4603-BAD1-CB077D5F6FE6}"
EndProject
Project("{FAE04EC0-301F-11D3-BF4B-00C04F79EFBC}") = "testapi2.API", "testapi2.API\testapi2.API.csproj", "{328D49B5-2F30-45D0-80C5-CBBAB9FB28AB}"
EndProject
Global
	GlobalSection(SolutionConfigurationPlatforms) = preSolution
		Debug|Any CPU = Debug|Any CPU
		Release|Any CPU = Release|Any CPU
	EndGlobalSection
	GlobalSection(SolutionProperties) = preSolution
		HideSolutionNode = FALSE
	EndGlobalSection
	GlobalSection(ProjectConfigurationPlatforms) = postSolution
		{E9D99796-4CF4-4E40-8F02-297A70791F42}.Debug|Any CPU.ActiveCfg = Debug|Any CPU
		{E9D99796-4CF4-4E40-8F02-297A70791F42}.Debug|Any CPU.Build.0 = Debug|Any CPU
		{E9D99796-4CF4-4E40-8F02-297A70791F42}.Release|Any CPU.ActiveCfg = Release|Any CPU
		{E9D99796-4CF4-4E40-8F02-297A70791F42}.Release|Any CPU.Build.0 = Release|Any CPU
		{A1387793-40A8-44D5-9304-BFAB61B262FC}.Debug|Any CPU.ActiveCfg = Debug|Any CPU
		{A1387793-40A8-44D5-9304-BFAB61B262FC}.Debug|Any CPU.Build.0 = Debug|Any CPU
		{A1387793-40A8-44D5-9304-BFAB61B262FC}.Release|Any CPU.ActiveCfg = Release|Any CPU
		{A1387793-40A8-44D5-9304-BFAB61B262FC}.Release|Any CPU.Build.0 = Release|Any CPU
		{C1B8D2D7-975A-4603-BAD1-CB077D5F6FE6}.Debug|Any CPU.ActiveCfg = Debug|Any CPU
		{C1B8D2D7-975A-4603-BAD1-CB077D5F6FE6}.Debug|Any CPU.Build.0 = Debug|Any CPU
		{C1B8D2D7-975A-4603-BAD1-CB077D5F6FE6}.Release|Any CPU.ActiveCfg = Release|Any CPU
		{C1B8D2D7-975A-4603-BAD1-CB077D5F6FE6}.Release|Any CPU.Build.0 = Release|Any CPU
		{328D49B5-2F30-45D0-80C5-CBBAB9FB28AB}.Debug|Any CPU.ActiveCfg = Debug|Any CPU
		{328D49B5-2F30-45D0-80C5-CBBAB9FB28AB}.Debug|Any CPU.Build.0 = Debug|Any CPU
		{328D49B5-2F30-45D0-80C5-CBBAB9FB28AB}.Release|Any CPU.ActiveCfg = Release|Any CPU
		{328D49B5-2F30-45D0-80C5-CBBAB9FB28AB}.Release|Any CPU.Build.0 = Release|Any CPU
	EndGlobalSection
EndGlobal
